PODS:
  - HoloResource (0.1.0)
  - HoloResourceDemoA (0.1.0):
    - HoloResource

DEPENDENCIES:
  - HoloResource (from `../`)
  - HoloResourceDemoA (from `../HoloResourceDemoA/`)

EXTERNAL SOURCES:
  HoloResource:
    :path: "../"
  HoloResourceDemoA:
    :path: "../HoloResourceDemoA/"

SPEC CHECKSUMS:
  HoloResource: 74186c295497cb5a3ace8dd954a007582dd4ef3b
  HoloResourceDemoA: 4d3ddd0e14d295f6186eec4fbf893ced150ff5e0

PODFILE CHECKSUM: 24403e3bc1feaa5a4a13377b48af97474cc479eb

COCOAPODS: 1.9.1
