PODS:
  - HoloResource (0.1.0):
    - YYCache
  - HoloResourceForTest (0.1.0):
    - HoloResource
  - YYCache (1.0.4)

DEPENDENCIES:
  - HoloResource (from `../`)
  - HoloResourceForTest (from `../HoloResourceForTest/`)

SPEC REPOS:
  https://github.com/CocoaPods/Specs.git:
    - YYCache

EXTERNAL SOURCES:
  HoloResource:
    :path: "../"
  HoloResourceForTest:
    :path: "../HoloResourceForTest/"

SPEC CHECKSUMS:
  HoloResource: 63a4d5a25c8da35d037b913143423e38d3a88a3d
  HoloResourceForTest: 7d114eb7ebe9f3dd918ee177dfa1f19156556b35
  YYCache: 8105b6638f5e849296c71f331ff83891a4942952

PODFILE CHECKSUM: 3e2f635f49bea8351ba0b30dae55af441b1c4d80

COCOAPODS: 1.9.1
